
Microsoft Visual Studio Solution File, Format Version 12.00
# Visual Studio Version 16
VisualStudioVersion = 16.0.29926.136
MinimumVisualStudioVersion = 10.0.40219.1
Project("{9A19103F-16F7-4668-BE54-9A1E7A4F7556}") = "Lyrico.Testing", "Lyrico.Testing\Lyrico.Testing.csproj", "{52AD7E05-6890-45E2-808C-6891A1AF0167}"
EndProject
Project("{9A19103F-16F7-4668-BE54-9A1E7A4F7556}") = "Lyrico.Application", "Lyrico.Application\Lyrico.Application.csproj", "{E6793D9D-68C3-4C19-8B97-437072DBAFCB}"
EndProject
Project("{9A19103F-16F7-4668-BE54-9A1E7A4F7556}") = "Lyrico.Domain", "Lyrico.Domain\Lyrico.Domain.csproj", "{28A5CFF4-9F50-48B0-B5A5-6700E6CB739D}"
EndProject
Project("{9A19103F-16F7-4668-BE54-9A1E7A4F7556}") = "Lyrico.MusicBrainz", "Lyrico.Artists\Lyrico.MusicBrainz.csproj", "{DECA4541-4BC6-4D40-A32A-CD5FB06AF08B}"
EndProject
Project("{9A19103F-16F7-4668-BE54-9A1E7A4F7556}") = "Lyrico.Lyricsovh", "Lyrico.Lyrics\Lyrico.Lyricsovh.csproj", "{F9D85260-CC80-4710-BBB4-23C98173DD37}"
EndProject
Project("{9A19103F-16F7-4668-BE54-9A1E7A4F7556}") = "Lyrico.Api", "Lyrico.Api\Lyrico.Api.csproj", "{D4EBD1B8-9ABB-45A2-868E-B43462E79A75}"
EndProject
Global
	GlobalSection(SolutionConfigurationPlatforms) = preSolution
		Debug|Any CPU = Debug|Any CPU
		Release|Any CPU = Release|Any CPU
	EndGlobalSection
	GlobalSection(ProjectConfigurationPlatforms) = postSolution
		{52AD7E05-6890-45E2-808C-6891A1AF0167}.Debug|Any CPU.ActiveCfg = Debug|Any CPU
		{52AD7E05-6890-45E2-808C-6891A1AF0167}.Debug|Any CPU.Build.0 = Debug|Any CPU
		{52AD7E05-6890-45E2-808C-6891A1AF0167}.Release|Any CPU.ActiveCfg = Release|Any CPU
		{52AD7E05-6890-45E2-808C-6891A1AF0167}.Release|Any CPU.Build.0 = Release|Any CPU
		{E6793D9D-68C3-4C19-8B97-437072DBAFCB}.Debug|Any CPU.ActiveCfg = Debug|Any CPU
		{E6793D9D-68C3-4C19-8B97-437072DBAFCB}.Debug|Any CPU.Build.0 = Debug|Any CPU
		{E6793D9D-68C3-4C19-8B97-437072DBAFCB}.Release|Any CPU.ActiveCfg = Release|Any CPU
		{E6793D9D-68C3-4C19-8B97-437072DBAFCB}.Release|Any CPU.Build.0 = Release|Any CPU
		{28A5CFF4-9F50-48B0-B5A5-6700E6CB739D}.Debug|Any CPU.ActiveCfg = Debug|Any CPU
		{28A5CFF4-9F50-48B0-B5A5-6700E6CB739D}.Debug|Any CPU.Build.0 = Debug|Any CPU
		{28A5CFF4-9F50-48B0-B5A5-6700E6CB739D}.Release|Any CPU.ActiveCfg = Release|Any CPU
		{28A5CFF4-9F50-48B0-B5A5-6700E6CB739D}.Release|Any CPU.Build.0 = Release|Any CPU
		{DECA4541-4BC6-4D40-A32A-CD5FB06AF08B}.Debug|Any CPU.ActiveCfg = Debug|Any CPU
		{DECA4541-4BC6-4D40-A32A-CD5FB06AF08B}.Debug|Any CPU.Build.0 = Debug|Any CPU
		{DECA4541-4BC6-4D40-A32A-CD5FB06AF08B}.Release|Any CPU.ActiveCfg = Release|Any CPU
		{DECA4541-4BC6-4D40-A32A-CD5FB06AF08B}.Release|Any CPU.Build.0 = Release|Any CPU
		{F9D85260-CC80-4710-BBB4-23C98173DD37}.Debug|Any CPU.ActiveCfg = Debug|Any CPU
		{F9D85260-CC80-4710-BBB4-23C98173DD37}.Debug|Any CPU.Build.0 = Debug|Any CPU
		{F9D85260-CC80-4710-BBB4-23C98173DD37}.Release|Any CPU.ActiveCfg = Release|Any CPU
		{F9D85260-CC80-4710-BBB4-23C98173DD37}.Release|Any CPU.Build.0 = Release|Any CPU
		{D4EBD1B8-9ABB-45A2-868E-B43462E79A75}.Debug|Any CPU.ActiveCfg = Debug|Any CPU
		{D4EBD1B8-9ABB-45A2-868E-B43462E79A75}.Debug|Any CPU.Build.0 = Debug|Any CPU
		{D4EBD1B8-9ABB-45A2-868E-B43462E79A75}.Release|Any CPU.ActiveCfg = Release|Any CPU
		{D4EBD1B8-9ABB-45A2-868E-B43462E79A75}.Release|Any CPU.Build.0 = Release|Any CPU
	EndGlobalSection
	GlobalSection(SolutionProperties) = preSolution
		HideSolutionNode = FALSE
	EndGlobalSection
	GlobalSection(ExtensibilityGlobals) = postSolution
		SolutionGuid = {0CEA8AB4-F914-4324-A397-FB94AE75F2C0}
	EndGlobalSection
EndGlobal
